// !$*UTF8*$!
{
	archiveVersion = 1;
	classes = {
	};
	objectVersion = 55;
	objects = {

/* Begin PBXBuildFile section */
		467CAE8F27AA7BC9000521A5 /* AppDelegate.swift in Sources */ = {isa = PBXBuildFile; fileRef = 467CAE8E27AA7BC9000521A5 /* AppDelegate.swift */; };
		467CAE9127AA7BC9000521A5 /* SceneDelegate.swift in Sources */ = {isa = PBXBuildFile; fileRef = 467CAE9027AA7BC9000521A5 /* SceneDelegate.swift */; };
		467CAE9327AA7BC9000521A5 /* ViewController.swift in Sources */ = {isa = PBXBuildFile; fileRef = 467CAE9227AA7BC9000521A5 /* ViewController.swift */; };
		467CAE9627AA7BC9000521A5 /* Main.storyboard in Resources */ = {isa = PBXBuildFile; fileRef = 467CAE9427AA7BC9000521A5 /* Main.storyboard */; };
		467CAE9827AA7BCC000521A5 /* Assets.xcassets in Resources */ = {isa = PBXBuildFile; fileRef = 467CAE9727AA7BCC000521A5 /* Assets.xcassets */; };
		467CAE9B27AA7BCC000521A5 /* LaunchScreen.storyboard in Resources */ = {isa = PBXBuildFile; fileRef = 467CAE9927AA7BCC000521A5 /* LaunchScreen.storyboard */; };
		467CAEA627AA7BCD000521A5 /* DemoTests.swift in Sources */ = {isa = PBXBuildFile; fileRef = 467CAEA527AA7BCD000521A5 /* DemoTests.swift */; };
		467CAEB027AA7BCD000521A5 /* DemoUITests.swift in Sources */ = {isa = PBXBuildFile; fileRef = 467CAEAF27AA7BCD000521A5 /* DemoUITests.swift */; };
		467CAEB227AA7BCD000521A5 /* DemoUITestsLaunchTests.swift in Sources */ = {isa = PBXBuildFile; fileRef = 467CAEB127AA7BCD000521A5 /* DemoUITestsLaunchTests.swift */; };
/* End PBXBuildFile section */

/* Begin PBXContainerItemProxy section */
		467CAEA227AA7BCD000521A5 /* PBXContainerItemProxy */ = {
			isa = PBXContainerItemProxy;
			containerPortal = 467CAE8327AA7BC8000521A5 /* Project object */;
			proxyType = 1;
			remoteGlobalIDString = 467CAE8A27AA7BC9000521A5;
			remoteInfo = Demo;
		};
		467CAEAC27AA7BCD000521A5 /* PBXContainerItemProxy */ = {
			isa = PBXContainerItemProxy;
			containerPortal = 467CAE8327AA7BC8000521A5 /* Project object */;
			proxyType = 1;
			remoteGlobalIDString = 467CAE8A27AA7BC9000521A5;
			remoteInfo = Demo;
		};
/* End PBXContainerItemProxy section */

/* Begin PBXFileReference section */
		467CAE8B27AA7BC9000521A5 /* Demo.app */ = {isa = PBXFileReference; explicitFileType = wrapper.application; includeInIndex = 0; path = Demo.app; sourceTree = BUILT_PRODUCTS_DIR; };
		467CAE8E27AA7BC9000521A5 /* AppDelegate.swift */ = {isa = PBXFileReference; lastKnownFileType = sourcecode.swift; path = AppDelegate.swift; sourceTree = "<group>"; };
		467CAE9027AA7BC9000521A5 /* SceneDelegate.swift */ = {isa = PBXFileReference; lastKnownFileType = sourcecode.swift; path = SceneDelegate.swift; sourceTree = "<group>"; };
		467CAE9227AA7BC9000521A5 /* ViewController.swift */ = {isa = PBXFileReference; lastKnownFileType = sourcecode.swift; path = ViewController.swift; sourceTree = "<group>"; };
		467CAE9527AA7BC9000521A5 /* Base */ = {isa = PBXFileReference; lastKnownFileType = file.storyboard; name = Base; path = Base.lproj/Main.storyboard; sourceTree = "<group>"; };
		467CAE9727AA7BCC000521A5 /* Assets.xcassets */ = {isa = PBXFileReference; lastKnownFileType = folder.assetcatalog; path = Assets.xcassets; sourceTree = "<group>"; };
		467CAE9A27AA7BCC000521A5 /* Base */ = {isa = PBXFileReference; lastKnownFileType = file.storyboard; name = Base; path = Base.lproj/LaunchScreen.storyboard; sourceTree = "<group>"; };
		467CAE9C27AA7BCC000521A5 /* Info.plist */ = {isa = PBXFileReference; lastKnownFileType = text.plist.xml; path = Info.plist; sourceTree = "<group>"; };
		467CAEA127AA7BCD000521A5 /* DemoTests.xctest */ = {isa = PBXFileReference; explicitFileType = wrapper.cfbundle; includeInIndex = 0; path = DemoTests.xctest; sourceTree = BUILT_PRODUCTS_DIR; };
		467CAEA527AA7BCD000521A5 /* DemoTests.swift */ = {isa = PBXFileReference; lastKnownFileType = sourcecode.swift; path = DemoTests.swift; sourceTree = "<group>"; };
		467CAEAB27AA7BCD000521A5 /* DemoUITests.xctest */ = {isa = PBXFileReference; explicitFileType = wrapper.cfbundle; includeInIndex = 0; path = DemoUITests.xctest; sourceTree = BUILT_PRODUCTS_DIR; };
		467CAEAF27AA7BCD000521A5 /* DemoUITests.swift */ = {isa = PBXFileReference; lastKnownFileType = sourcecode.swift; path = DemoUITests.swift; sourceTree = "<group>"; };
		467CAEB127AA7BCD000521A5 /* DemoUITestsLaunchTests.swift */ = {isa = PBXFileReference; lastKnownFileType = sourcecode.swift; path = DemoUITestsLaunchTests.swift; sourceTree = "<group>"; };
/* End PBXFileReference section */

/* Begin PBXFrameworksBuildPhase section */
		467CAE8827AA7BC9000521A5 /* Frameworks */ = {
			isa = PBXFrameworksBuildPhase;
			buildActionMask = 2147483647;
			files = (
			);
			runOnlyForDeploymentPostprocessing = 0;
		};
		467CAE9E27AA7BCD000521A5 /* Frameworks */ = {
			isa = PBXFrameworksBuildPhase;
			buildActionMask = 2147483647;
			files = (
			);
			runOnlyForDeploymentPostprocessing = 0;
		};
		467CAEA827AA7BCD000521A5 /* Frameworks */ = {
			isa = PBXFrameworksBuildPhase;
			buildActionMask = 2147483647;
			files = (
			);
			runOnlyForDeploymentPostprocessing = 0;
		};
/* End PBXFrameworksBuildPhase section */

/* Begin PBXGroup section */
		467CAE8227AA7BC8000521A5 = {
			isa = PBXGroup;
			children = (
				467CAE8D27AA7BC9000521A5 /* Demo */,
				467CAEA427AA7BCD000521A5 /* DemoTests */,
				467CAEAE27AA7BCD000521A5 /* DemoUITests */,
				467CAE8C27AA7BC9000521A5 /* Products */,
			);
			sourceTree = "<group>";
		};
		467CAE8C27AA7BC9000521A5 /* Products */ = {
			isa = PBXGroup;
			children = (
				467CAE8B27AA7BC9000521A5 /* Demo.app */,
				467CAEA127AA7BCD000521A5 /* DemoTests.xctest */,
				467CAEAB27AA7BCD000521A5 /* DemoUITests.xctest */,
			);
			name = Products;
			sourceTree = "<group>";
		};
		467CAE8D27AA7BC9000521A5 /* Demo */ = {
			isa = PBXGroup;
			children = (
				467CAE8E27AA7BC9000521A5 /* AppDelegate.swift */,
				467CAE9027AA7BC9000521A5 /* SceneDelegate.swift */,
				467CAE9227AA7BC9000521A5 /* ViewController.swift */,
				467CAE9427AA7BC9000521A5 /* Main.storyboard */,
				467CAE9727AA7BCC000521A5 /* Assets.xcassets */,
				467CAE9927AA7BCC000521A5 /* LaunchScreen.storyboard */,
				467CAE9C27AA7BCC000521A5 /* Info.plist */,
			);
			path = Demo;
			sourceTree = "<group>";
		};
		467CAEA427AA7BCD000521A5 /* DemoTests */ = {
			isa = PBXGroup;
			children = (
				467CAEA527AA7BCD000521A5 /* DemoTests.swift */,
			);
			path = DemoTests;
			sourceTree = "<group>";
		};
		467CAEAE27AA7BCD000521A5 /* DemoUITests */ = {
			isa = PBXGroup;
			children = (
				467CAEAF27AA7BCD000521A5 /* DemoUITests.swift */,
				467CAEB127AA7BCD000521A5 /* DemoUITestsLaunchTests.swift */,
			);
			path = DemoUITests;
			sourceTree = "<group>";
		};
/* End PBXGroup section */

/* Begin PBXNativeTarget section */
		467CAE8A27AA7BC9000521A5 /* Demo */ = {
			isa = PBXNativeTarget;
			buildConfigurationList = 467CAEB527AA7BCD000521A5 /* Build configuration list for PBXNativeTarget "Demo" */;
			buildPhases = (
				467CAE8727AA7BC9000521A5 /* Sources */,
				467CAE8827AA7BC9000521A5 /* Frameworks */,
				467CAE8927AA7BC9000521A5 /* Resources */,
			);
			buildRules = (
			);
			dependencies = (
			);
			name = Demo;
			productName = Demo;
			productReference = 467CAE8B27AA7BC9000521A5 /* Demo.app */;
			productType = "com.apple.product-type.application";
		};
		467CAEA027AA7BCD000521A5 /* DemoTests */ = {
			isa = PBXNativeTarget;
			buildConfigurationList = 467CAEB827AA7BCD000521A5 /* Build configuration list for PBXNativeTarget "DemoTests" */;
			buildPhases = (
				467CAE9D27AA7BCD000521A5 /* Sources */,
				467CAE9E27AA7BCD000521A5 /* Frameworks */,
				467CAE9F27AA7BCD000521A5 /* Resources */,
			);
			buildRules = (
			);
			dependencies = (
				467CAEA327AA7BCD000521A5 /* PBXTargetDependency */,
			);
			name = DemoTests;
			productName = DemoTests;
			productReference = 467CAEA127AA7BCD000521A5 /* DemoTests.xctest */;
			productType = "com.apple.product-type.bundle.unit-test";
		};
		467CAEAA27AA7BCD000521A5 /* DemoUITests */ = {
			isa = PBXNativeTarget;
			buildConfigurationList = 467CAEBB27AA7BCD000521A5 /* Build configuration list for PBXNativeTarget "DemoUITests" */;
			buildPhases = (
				467CAEA727AA7BCD000521A5 /* Sources */,
				467CAEA827AA7BCD000521A5 /* Frameworks */,
				467CAEA927AA7BCD000521A5 /* Resources */,
			);
			buildRules = (
			);
			dependencies = (
				467CAEAD27AA7BCD000521A5 /* PBXTargetDependency */,
			);
			name = DemoUITests;
			productName = DemoUITests;
			productReference = 467CAEAB27AA7BCD000521A5 /* DemoUITests.xctest */;
			productType = "com.apple.product-type.bundle.ui-testing";
		};
/* End PBXNativeTarget section */

/* Begin PBXProject section */
		467CAE8327AA7BC8000521A5 /* Project object */ = {
			isa = PBXProject;
			attributes = {
				BuildIndependentTargetsInParallel = 1;
				LastSwiftUpdateCheck = 1300;
				LastUpgradeCheck = 1300;
				TargetAttributes = {
					467CAE8A27AA7BC9000521A5 = {
						CreatedOnToolsVersion = 13.0;
					};
					467CAEA027AA7BCD000521A5 = {
						CreatedOnToolsVersion = 13.0;
						TestTargetID = 467CAE8A27AA7BC9000521A5;
					};
					467CAEAA27AA7BCD000521A5 = {
						CreatedOnToolsVersion = 13.0;
						TestTargetID = 467CAE8A27AA7BC9000521A5;
					};
				};
			};
			buildConfigurationList = 467CAE8627AA7BC8000521A5 /* Build configuration list for PBXProject "Demo" */;
			compatibilityVersion = "Xcode 13.0";
			developmentRegion = en;
			hasScannedForEncodings = 0;
			knownRegions = (
				en,
				Base,
			);
			mainGroup = 467CAE8227AA7BC8000521A5;
			productRefGroup = 467CAE8C27AA7BC9000521A5 /* Products */;
			projectDirPath = "";
			projectRoot = "";
			targets = (
				467CAE8A27AA7BC9000521A5 /* Demo */,
				467CAEA027AA7BCD000521A5 /* DemoTests */,
				467CAEAA27AA7BCD000521A5 /* DemoUITests */,
			);
		};
/* End PBXProject section */

/* Begin PBXResourcesBuildPhase section */
		467CAE8927AA7BC9000521A5 /* Resources */ = {
			isa = PBXResourcesBuildPhase;
			buildActionMask = 2147483647;
			files = (
				467CAE9B27AA7BCC000521A5 /* LaunchScreen.storyboard in Resources */,
				467CAE9827AA7BCC000521A5 /* Assets.xcassets in Resources */,
				467CAE9627AA7BC9000521A5 /* Main.storyboard in Resources */,
			);
			runOnlyForDeploymentPostprocessing = 0;
		};
		467CAE9F27AA7BCD000521A5 /* Resources */ = {
			isa = PBXResourcesBuildPhase;
			buildActionMask = 2147483647;
			files = (
			);
			runOnlyForDeploymentPostprocessing = 0;
		};
		467CAEA927AA7BCD000521A5 /* Resources */ = {
			isa = PBXResourcesBuildPhase;
			buildActionMask = 2147483647;
			files = (
			);
			runOnlyForDeploymentPostprocessing = 0;
		};
/* End PBXResourcesBuildPhase section */

/* Begin PBXSourcesBuildPhase section */
		467CAE8727AA7BC9000521A5 /* Sources */ = {
			isa = PBXSourcesBuildPhase;
			buildActionMask = 2147483647;
			files = (
				467CAE9327AA7BC9000521A5 /* ViewController.swift in Sources */,
				467CAE8F27AA7BC9000521A5 /* AppDelegate.swift in Sources */,
				467CAE9127AA7BC9000521A5 /* SceneDelegate.swift in Sources */,
			);
			runOnlyForDeploymentPostprocessing = 0;
		};
		467CAE9D27AA7BCD000521A5 /* Sources */ = {
			isa = PBXSourcesBuildPhase;
			buildActionMask = 2147483647;
			files = (
				467CAEA627AA7BCD000521A5 /* DemoTests.swift in Sources */,
			);
			runOnlyForDeploymentPostprocessing = 0;
		};
		467CAEA727AA7BCD000521A5 /* Sources */ = {
			isa = PBXSourcesBuildPhase;
			buildActionMask = 2147483647;
			files = (
				467CAEB027AA7BCD000521A5 /* DemoUITests.swift in Sources */,
				467CAEB227AA7BCD000521A5 /* DemoUITestsLaunchTests.swift in Sources */,
			);
			runOnlyForDeploymentPostprocessing = 0;
		};
/* End PBXSourcesBuildPhase section */

/* Begin PBXTargetDependency section */
		467CAEA327AA7BCD000521A5 /* PBXTargetDependency */ = {
			isa = PBXTargetDependency;
			target = 467CAE8A27AA7BC9000521A5 /* Demo */;
			targetProxy = 467CAEA227AA7BCD000521A5 /* PBXContainerItemProxy */;
		};
		467CAEAD27AA7BCD000521A5 /* PBXTargetDependency */ = {
			isa = PBXTargetDependency;
			target = 467CAE8A27AA7BC9000521A5 /* Demo */;
			targetProxy = 467CAEAC27AA7BCD000521A5 /* PBXContainerItemProxy */;
		};
/* End PBXTargetDependency section */

/* Begin PBXVariantGroup section */
		467CAE9427AA7BC9000521A5 /* Main.storyboard */ = {
			isa = PBXVariantGroup;
			children = (
				467CAE9527AA7BC9000521A5 /* Base */,
			);
			name = Main.storyboard;
			sourceTree = "<group>";
		};
		467CAE9927AA7BCC000521A5 /* LaunchScreen.storyboard */ = {
			isa = PBXVariantGroup;
			children = (
				467CAE9A27AA7BCC000521A5 /* Base */,
			);
			name = LaunchScreen.storyboard;
			sourceTree = "<group>";
		};
/* End PBXVariantGroup section */

/* Begin XCBuildConfiguration section */
		467CAEB327AA7BCD000521A5 /* Debug */ = {
			isa = XCBuildConfiguration;
			buildSettings = {
				ALWAYS_SEARCH_USER_PATHS = NO;
				CLANG_ANALYZER_NONNULL = YES;
				CLANG_ANALYZER_NUMBER_OBJECT_CONVERSION = YES_AGGRESSIVE;
				CLANG_CXX_LANGUAGE_STANDARD = "gnu++17";
				CLANG_CXX_LIBRARY = "libc++";
				CLANG_ENABLE_MODULES = YES;
				CLANG_ENABLE_OBJC_ARC = YES;
				CLANG_ENABLE_OBJC_WEAK = YES;
				CLANG_WARN_BLOCK_CAPTURE_AUTORELEASING = YES;
				CLANG_WARN_BOOL_CONVERSION = YES;
				CLANG_WARN_COMMA = YES;
				CLANG_WARN_CONSTANT_CONVERSION = YES;
				CLANG_WARN_DEPRECATED_OBJC_IMPLEMENTATIONS = YES;
				CLANG_WARN_DIRECT_OBJC_ISA_USAGE = YES_ERROR;
				CLANG_WARN_DOCUMENTATION_COMMENTS = YES;
				CLANG_WARN_EMPTY_BODY = YES;
				CLANG_WARN_ENUM_CONVERSION = YES;
				CLANG_WARN_INFINITE_RECURSION = YES;
				CLANG_WARN_INT_CONVERSION = YES;
				CLANG_WARN_NON_LITERAL_NULL_CONVERSION = YES;
				CLANG_WARN_OBJC_IMPLICIT_RETAIN_SELF = YES;
				CLANG_WARN_OBJC_LITERAL_CONVERSION = YES;
				CLANG_WARN_OBJC_ROOT_CLASS = YES_ERROR;
				CLANG_WARN_QUOTED_INCLUDE_IN_FRAMEWORK_HEADER = YES;
				CLANG_WARN_RANGE_LOOP_ANALYSIS = YES;
				CLANG_WARN_STRICT_PROTOTYPES = YES;
				CLANG_WARN_SUSPICIOUS_MOVE = YES;
				CLANG_WARN_UNGUARDED_AVAILABILITY = YES_AGGRESSIVE;
				CLANG_WARN_UNREACHABLE_CODE = YES;
				CLANG_WARN__DUPLICATE_METHOD_MATCH = YES;
				COPY_PHASE_STRIP = NO;
				DEBUG_INFORMATION_FORMAT = dwarf;
				ENABLE_STRICT_OBJC_MSGSEND = YES;
				ENABLE_TESTABILITY = YES;
				GCC_C_LANGUAGE_STANDARD = gnu11;
				GCC_DYNAMIC_NO_PIC = NO;
				GCC_NO_COMMON_BLOCKS = YES;
				GCC_OPTIMIZATION_LEVEL = 0;
				GCC_PREPROCESSOR_DEFINITIONS = (
					"DEBUG=1",
					"$(inherited)",
				);
				GCC_WARN_64_TO_32_BIT_CONVERSION = YES;
				GCC_WARN_ABOUT_RETURN_TYPE = YES_ERROR;
				GCC_WARN_UNDECLARED_SELECTOR = YES;
				GCC_WARN_UNINITIALIZED_AUTOS = YES_AGGRESSIVE;
				GCC_WARN_UNUSED_FUNCTION = YES;
				GCC_WARN_UNUSED_VARIABLE = YES;
				IPHONEOS_DEPLOYMENT_TARGET = 15.0;
				MTL_ENABLE_DEBUG_INFO = INCLUDE_SOURCE;
				MTL_FAST_MATH = YES;
				ONLY_ACTIVE_ARCH = YES;
				SDKROOT = iphoneos;
				SWIFT_ACTIVE_COMPILATION_CONDITIONS = DEBUG;
				SWIFT_OPTIMIZATION_LEVEL = "-Onone";
			};
			name = Debug;
		};
		467CAEB427AA7BCD000521A5 /* Release */ = {
			isa = XCBuildConfiguration;
			buildSettings = {
				ALWAYS_SEARCH_USER_PATHS = NO;
				CLANG_ANALYZER_NONNULL = YES;
				CLANG_ANALYZER_NUMBER_OBJECT_CONVERSION = YES_AGGRESSIVE;
				CLANG_CXX_LANGUAGE_STANDARD = "gnu++17";
				CLANG_CXX_LIBRARY = "libc++";
				CLANG_ENABLE_MODULES = YES;
				CLANG_ENABLE_OBJC_ARC = YES;
				CLANG_ENABLE_OBJC_WEAK = YES;
				CLANG_WARN_BLOCK_CAPTURE_AUTORELEASING = YES;
				CLANG_WARN_BOOL_CONVERSION = YES;
				CLANG_WARN_COMMA = YES;
				CLANG_WARN_CONSTANT_CONVERSION = YES;
				CLANG_WARN_DEPRECATED_OBJC_IMPLEMENTATIONS = YES;
				CLANG_WARN_DIRECT_OBJC_ISA_USAGE = YES_ERROR;
				CLANG_WARN_DOCUMENTATION_COMMENTS = YES;
				CLANG_WARN_EMPTY_BODY = YES;
				CLANG_WARN_ENUM_CONVERSION = YES;
				CLANG_WARN_INFINITE_RECURSION = YES;
				CLANG_WARN_INT_CONVERSION = YES;
				CLANG_WARN_NON_LITERAL_NULL_CONVERSION = YES;
				CLANG_WARN_OBJC_IMPLICIT_RETAIN_SELF = YES;
				CLANG_WARN_OBJC_LITERAL_CONVERSION = YES;
				CLANG_WARN_OBJC_ROOT_CLASS = YES_ERROR;
				CLANG_WARN_QUOTED_INCLUDE_IN_FRAMEWORK_HEADER = YES;
				CLANG_WARN_RANGE_LOOP_ANALYSIS = YES;
				CLANG_WARN_STRICT_PROTOTYPES = YES;
				CLANG_WARN_SUSPICIOUS_MOVE = YES;
				CLANG_WARN_UNGUARDED_AVAILABILITY = YES_AGGRESSIVE;
				CLANG_WARN_UNREACHABLE_CODE = YES;
				CLANG_WARN__DUPLICATE_METHOD_MATCH = YES;
				COPY_PHASE_STRIP = NO;
				DEBUG_INFORMATION_FORMAT = "dwarf-with-dsym";
				ENABLE_NS_ASSERTIONS = NO;
				ENABLE_STRICT_OBJC_MSGSEND = YES;
				GCC_C_LANGUAGE_STANDARD = gnu11;
				GCC_NO_COMMON_BLOCKS = YES;
				GCC_WARN_64_TO_32_BIT_CONVERSION = YES;
				GCC_WARN_ABOUT_RETURN_TYPE = YES_ERROR;
				GCC_WARN_UNDECLARED_SELECTOR = YES;
				GCC_WARN_UNINITIALIZED_AUTOS = YES_AGGRESSIVE;
				GCC_WARN_UNUSED_FUNCTION = YES;
				GCC_WARN_UNUSED_VARIABLE = YES;
				IPHONEOS_DEPLOYMENT_TARGET = 15.0;
				MTL_ENABLE_DEBUG_INFO = NO;
				MTL_FAST_MATH = YES;
				SDKROOT = iphoneos;
				SWIFT_COMPILATION_MODE = wholemodule;
				SWIFT_OPTIMIZATION_LEVEL = "-O";
				VALIDATE_PRODUCT = YES;
			};
			name = Release;
		};
		467CAEB627AA7BCD000521A5 /* Debug */ = {
			isa = XCBuildConfiguration;
			buildSettings = {
				ASSETCATALOG_COMPILER_APPICON_NAME = AppIcon;
				ASSETCATALOG_COMPILER_GLOBAL_ACCENT_COLOR_NAME = AccentColor;
				CODE_SIGN_STYLE = Automatic;
				CURRENT_PROJECT_VERSION = 1;
				DEVELOPMENT_TEAM = 8KFWPJ4CC8;
				GENERATE_INFOPLIST_FILE = YES;
				INFOPLIST_FILE = Demo/Info.plist;
				INFOPLIST_KEY_UIApplicationSupportsIndirectInputEvents = YES;
				INFOPLIST_KEY_UILaunchStoryboardName = LaunchScreen;
				INFOPLIST_KEY_UIMainStoryboardFile = Main;
				INFOPLIST_KEY_UISupportedInterfaceOrientations_iPad = "UIInterfaceOrientationPortrait UIInterfaceOrientationPortraitUpsideDown UIInterfaceOrientationLandscapeLeft UIInterfaceOrientationLandscapeRight";
				INFOPLIST_KEY_UISupportedInterfaceOrientations_iPhone = "UIInterfaceOrientationPortrait UIInterfaceOrientationLandscapeLeft UIInterfaceOrientationLandscapeRight";
				LD_RUNPATH_SEARCH_PATHS = (
					"$(inherited)",
					"@executable_path/Frameworks",
				);
				MARKETING_VERSION = 1.0;
				PRODUCT_BUNDLE_IDENTIFIER = com.wealthpark.Demo;
				PRODUCT_NAME = "$(TARGET_NAME)";
				SWIFT_EMIT_LOC_STRINGS = YES;
				SWIFT_VERSION = 5.0;
				TARGETED_DEVICE_FAMILY = "1,2";
			};
			name = Debug;
		};
		467CAEB727AA7BCD000521A5 /* Release */ = {
			isa = XCBuildConfiguration;
			buildSettings = {
				ASSETCATALOG_COMPILER_APPICON_NAME = AppIcon;
				ASSETCATALOG_COMPILER_GLOBAL_ACCENT_COLOR_NAME = AccentColor;
				CODE_SIGN_STYLE = Automatic;
				CURRENT_PROJECT_VERSION = 1;
				DEVELOPMENT_TEAM = 8KFWPJ4CC8;
				GENERATE_INFOPLIST_FILE = YES;
				INFOPLIST_FILE = Demo/Info.plist;
				INFOPLIST_KEY_UIApplicationSupportsIndirectInputEvents = YES;
				INFOPLIST_KEY_UILaunchStoryboardName = LaunchScreen;
				INFOPLIST_KEY_UIMainStoryboardFile = Main;
				INFOPLIST_KEY_UISupportedInterfaceOrientations_iPad = "UIInterfaceOrientationPortrait UIInterfaceOrientationPortraitUpsideDown UIInterfaceOrientationLandscapeLeft UIInterfaceOrientationLandscapeRight";
				INFOPLIST_KEY_UISupportedInterfaceOrientations_iPhone = "UIInterfaceOrientationPortrait UIInterfaceOrientationLandscapeLeft UIInterfaceOrientationLandscapeRight";
				LD_RUNPATH_SEARCH_PATHS = (
					"$(inherited)",
					"@executable_path/Frameworks",
				);
				MARKETING_VERSION = 1.0;
				PRODUCT_BUNDLE_IDENTIFIER = com.wealthpark.Demo;
				PRODUCT_NAME = "$(TARGET_NAME)";
				SWIFT_EMIT_LOC_STRINGS = YES;
				SWIFT_VERSION = 5.0;
				TARGETED_DEVICE_FAMILY = "1,2";
			};
			name = Release;
		};
		467CAEB927AA7BCD000521A5 /* Debug */ = {
			isa = XCBuildConfiguration;
			buildSettings = {
				ALWAYS_EMBED_SWIFT_STANDARD_LIBRARIES = YES;
				BUNDLE_LOADER = "$(TEST_HOST)";
				CODE_SIGN_STYLE = Automatic;
				CURRENT_PROJECT_VERSION = 1;
				DEVELOPMENT_TEAM = 8KFWPJ4CC8;
				GENERATE_INFOPLIST_FILE = YES;
				IPHONEOS_DEPLOYMENT_TARGET = 15.0;
				LD_RUNPATH_SEARCH_PATHS = (
					"$(inherited)",
					"@executable_path/Frameworks",
					"@loader_path/Frameworks",
				);
				MARKETING_VERSION = 1.0;
				PRODUCT_BUNDLE_IDENTIFIER = com.wealthpark.DemoTests;
				PRODUCT_NAME = "$(TARGET_NAME)";
				SWIFT_EMIT_LOC_STRINGS = NO;
				SWIFT_VERSION = 5.0;
				TARGETED_DEVICE_FAMILY = "1,2";
				TEST_HOST = "$(BUILT_PRODUCTS_DIR)/Demo.app/Demo";
			};
			name = Debug;
		};
		467CAEBA27AA7BCD000521A5 /* Release */ = {
			isa = XCBuildConfiguration;
			buildSettings = {
				ALWAYS_EMBED_SWIFT_STANDARD_LIBRARIES = YES;
				BUNDLE_LOADER = "$(TEST_HOST)";
				CODE_SIGN_STYLE = Automatic;
				CURRENT_PROJECT_VERSION = 1;
				DEVELOPMENT_TEAM = 8KFWPJ4CC8;
				GENERATE_INFOPLIST_FILE = YES;
				IPHONEOS_DEPLOYMENT_TARGET = 15.0;
				LD_RUNPATH_SEARCH_PATHS = (
					"$(inherited)",
					"@executable_path/Frameworks",
					"@loader_path/Frameworks",
				);
				MARKETING_VERSION = 1.0;
				PRODUCT_BUNDLE_IDENTIFIER = com.wealthpark.DemoTests;
				PRODUCT_NAME = "$(TARGET_NAME)";
				SWIFT_EMIT_LOC_STRINGS = NO;
				SWIFT_VERSION = 5.0;
				TARGETED_DEVICE_FAMILY = "1,2";
				TEST_HOST = "$(BUILT_PRODUCTS_DIR)/Demo.app/Demo";
			};
			name = Release;
		};
		467CAEBC27AA7BCD000521A5 /* Debug */ = {
			isa = XCBuildConfiguration;
			buildSettings = {
				ALWAYS_EMBED_SWIFT_STANDARD_LIBRARIES = YES;
				CODE_SIGN_STYLE = Automatic;
				CURRENT_PROJECT_VERSION = 1;
				DEVELOPMENT_TEAM = 8KFWPJ4CC8;
				GENERATE_INFOPLIST_FILE = YES;
				LD_RUNPATH_SEARCH_PATHS = (
					"$(inherited)",
					"@executable_path/Frameworks",
					"@loader_path/Frameworks",
				);
				MARKETING_VERSION = 1.0;
				PRODUCT_BUNDLE_IDENTIFIER = com.wealthpark.DemoUITests;
				PRODUCT_NAME = "$(TARGET_NAME)";
				SWIFT_EMIT_LOC_STRINGS = NO;
				SWIFT_VERSION = 5.0;
				TARGETED_DEVICE_FAMILY = "1,2";
				TEST_TARGET_NAME = Demo;
			};
			name = Debug;
		};
		467CAEBD27AA7BCD000521A5 /* Release */ = {
			isa = XCBuildConfiguration;
			buildSettings = {
				ALWAYS_EMBED_SWIFT_STANDARD_LIBRARIES = YES;
				CODE_SIGN_STYLE = Automatic;
				CURRENT_PROJECT_VERSION = 1;
				DEVELOPMENT_TEAM = 8KFWPJ4CC8;
				GENERATE_INFOPLIST_FILE = YES;
				LD_RUNPATH_SEARCH_PATHS = (
					"$(inherited)",
					"@executable_path/Frameworks",
					"@loader_path/Frameworks",
				);
				MARKETING_VERSION = 1.0;
				PRODUCT_BUNDLE_IDENTIFIER = com.wealthpark.DemoUITests;
				PRODUCT_NAME = "$(TARGET_NAME)";
				SWIFT_EMIT_LOC_STRINGS = NO;
				SWIFT_VERSION = 5.0;
				TARGETED_DEVICE_FAMILY = "1,2";
				TEST_TARGET_NAME = Demo;
			};
			name = Release;
		};
/* End XCBuildConfiguration section */

/* Begin XCConfigurationList section */
		467CAE8627AA7BC8000521A5 /* Build configuration list for PBXProject "Demo" */ = {
			isa = XCConfigurationList;
			buildConfigurations = (
				467CAEB327AA7BCD000521A5 /* Debug */,
				467CAEB427AA7BCD000521A5 /* Release */,
			);
			defaultConfigurationIsVisible = 0;
			defaultConfigurationName = Release;
		};
		467CAEB527AA7BCD000521A5 /* Build configuration list for PBXNativeTarget "Demo" */ = {
			isa = XCConfigurationList;
			buildConfigurations = (
				467CAEB627AA7BCD000521A5 /* Debug */,
				467CAEB727AA7BCD000521A5 /* Release */,
			);
			defaultConfigurationIsVisible = 0;
			defaultConfigurationName = Release;
		};
		467CAEB827AA7BCD000521A5 /* Build configuration list for PBXNativeTarget "DemoTests" */ = {
			isa = XCConfigurationList;
			buildConfigurations = (
				467CAEB927AA7BCD000521A5 /* Debug */,
				467CAEBA27AA7BCD000521A5 /* Release */,
			);
			defaultConfigurationIsVisible = 0;
			defaultConfigurationName = Release;
		};
		467CAEBB27AA7BCD000521A5 /* Build configuration list for PBXNativeTarget "DemoUITests" */ = {
			isa = XCConfigurationList;
			buildConfigurations = (
				467CAEBC27AA7BCD000521A5 /* Debug */,
				467CAEBD27AA7BCD000521A5 /* Release */,
			);
			defaultConfigurationIsVisible = 0;
			defaultConfigurationName = Release;
		};
/* End XCConfigurationList section */
	};
	rootObject = 467CAE8327AA7BC8000521A5 /* Project object */;
}
